// !$*UTF8*$!
{
	archiveVersion = 1;
	classes = {
	};
	objectVersion = 50;
	objects = {

/* Begin PBXBuildFile section */
		496ED7FE24048399006E277F /* AppDelegate.swift in Sources */ = {isa = PBXBuildFile; fileRef = 496ED7FD24048399006E277F /* AppDelegate.swift */; };
		496ED8002404839A006E277F /* SceneDelegate.swift in Sources */ = {isa = PBXBuildFile; fileRef = 496ED7FF24048399006E277F /* SceneDelegate.swift */; };
		496ED8022404839A006E277F /* ViewController.swift in Sources */ = {isa = PBXBuildFile; fileRef = 496ED8012404839A006E277F /* ViewController.swift */; };
		496ED8052404839A006E277F /* Main.storyboard in Resources */ = {isa = PBXBuildFile; fileRef = 496ED8032404839A006E277F /* Main.storyboard */; };
		496ED8072404839B006E277F /* Assets.xcassets in Resources */ = {isa = PBXBuildFile; fileRef = 496ED8062404839B006E277F /* Assets.xcassets */; };
		496ED80A2404839B006E277F /* LaunchScreen.storyboard in Resources */ = {isa = PBXBuildFile; fileRef = 496ED8082404839B006E277F /* LaunchScreen.storyboard */; };
		496ED8152404839C006E277F /* ParstagramTests.swift in Sources */ = {isa = PBXBuildFile; fileRef = 496ED8142404839C006E277F /* ParstagramTests.swift */; };
		496ED8202404839C006E277F /* ParstagramUITests.swift in Sources */ = {isa = PBXBuildFile; fileRef = 496ED81F2404839C006E277F /* ParstagramUITests.swift */; };
/* End PBXBuildFile section */

/* Begin PBXContainerItemProxy section */
		496ED8112404839C006E277F /* PBXContainerItemProxy */ = {
			isa = PBXContainerItemProxy;
			containerPortal = 496ED7F224048399006E277F /* Project object */;
			proxyType = 1;
			remoteGlobalIDString = 496ED7F924048399006E277F;
			remoteInfo = Parstagram;
		};
		496ED81C2404839C006E277F /* PBXContainerItemProxy */ = {
			isa = PBXContainerItemProxy;
			containerPortal = 496ED7F224048399006E277F /* Project object */;
			proxyType = 1;
			remoteGlobalIDString = 496ED7F924048399006E277F;
			remoteInfo = Parstagram;
		};
/* End PBXContainerItemProxy section */

/* Begin PBXFileReference section */
		496ED7FA24048399006E277F /* Parstagram.app */ = {isa = PBXFileReference; explicitFileType = wrapper.application; includeInIndex = 0; path = Parstagram.app; sourceTree = BUILT_PRODUCTS_DIR; };
		496ED7FD24048399006E277F /* AppDelegate.swift */ = {isa = PBXFileReference; lastKnownFileType = sourcecode.swift; path = AppDelegate.swift; sourceTree = "<group>"; };
		496ED7FF24048399006E277F /* SceneDelegate.swift */ = {isa = PBXFileReference; lastKnownFileType = sourcecode.swift; path = SceneDelegate.swift; sourceTree = "<group>"; };
		496ED8012404839A006E277F /* ViewController.swift */ = {isa = PBXFileReference; lastKnownFileType = sourcecode.swift; path = ViewController.swift; sourceTree = "<group>"; };
		496ED8042404839A006E277F /* Base */ = {isa = PBXFileReference; lastKnownFileType = file.storyboard; name = Base; path = Base.lproj/Main.storyboard; sourceTree = "<group>"; };
		496ED8062404839B006E277F /* Assets.xcassets */ = {isa = PBXFileReference; lastKnownFileType = folder.assetcatalog; path = Assets.xcassets; sourceTree = "<group>"; };
		496ED8092404839B006E277F /* Base */ = {isa = PBXFileReference; lastKnownFileType = file.storyboard; name = Base; path = Base.lproj/LaunchScreen.storyboard; sourceTree = "<group>"; };
		496ED80B2404839B006E277F /* Info.plist */ = {isa = PBXFileReference; lastKnownFileType = text.plist.xml; path = Info.plist; sourceTree = "<group>"; };
		496ED8102404839C006E277F /* ParstagramTests.xctest */ = {isa = PBXFileReference; explicitFileType = wrapper.cfbundle; includeInIndex = 0; path = ParstagramTests.xctest; sourceTree = BUILT_PRODUCTS_DIR; };
		496ED8142404839C006E277F /* ParstagramTests.swift */ = {isa = PBXFileReference; lastKnownFileType = sourcecode.swift; path = ParstagramTests.swift; sourceTree = "<group>"; };
		496ED8162404839C006E277F /* Info.plist */ = {isa = PBXFileReference; lastKnownFileType = text.plist.xml; path = Info.plist; sourceTree = "<group>"; };
		496ED81B2404839C006E277F /* ParstagramUITests.xctest */ = {isa = PBXFileReference; explicitFileType = wrapper.cfbundle; includeInIndex = 0; path = ParstagramUITests.xctest; sourceTree = BUILT_PRODUCTS_DIR; };
		496ED81F2404839C006E277F /* ParstagramUITests.swift */ = {isa = PBXFileReference; lastKnownFileType = sourcecode.swift; path = ParstagramUITests.swift; sourceTree = "<group>"; };
		496ED8212404839C006E277F /* Info.plist */ = {isa = PBXFileReference; lastKnownFileType = text.plist.xml; path = Info.plist; sourceTree = "<group>"; };
/* End PBXFileReference section */

/* Begin PBXFrameworksBuildPhase section */
		496ED7F724048399006E277F /* Frameworks */ = {
			isa = PBXFrameworksBuildPhase;
			buildActionMask = 2147483647;
			files = (
			);
			runOnlyForDeploymentPostprocessing = 0;
		};
		496ED80D2404839C006E277F /* Frameworks */ = {
			isa = PBXFrameworksBuildPhase;
			buildActionMask = 2147483647;
			files = (
			);
			runOnlyForDeploymentPostprocessing = 0;
		};
		496ED8182404839C006E277F /* Frameworks */ = {
			isa = PBXFrameworksBuildPhase;
			buildActionMask = 2147483647;
			files = (
			);
			runOnlyForDeploymentPostprocessing = 0;
		};
/* End PBXFrameworksBuildPhase section */

/* Begin PBXGroup section */
		496ED7F124048399006E277F = {
			isa = PBXGroup;
			children = (
				496ED7FC24048399006E277F /* Parstagram */,
				496ED8132404839C006E277F /* ParstagramTests */,
				496ED81E2404839C006E277F /* ParstagramUITests */,
				496ED7FB24048399006E277F /* Products */,
			);
			sourceTree = "<group>";
		};
		496ED7FB24048399006E277F /* Products */ = {
			isa = PBXGroup;
			children = (
				496ED7FA24048399006E277F /* Parstagram.app */,
				496ED8102404839C006E277F /* ParstagramTests.xctest */,
				496ED81B2404839C006E277F /* ParstagramUITests.xctest */,
			);
			name = Products;
			sourceTree = "<group>";
		};
		496ED7FC24048399006E277F /* Parstagram */ = {
			isa = PBXGroup;
			children = (
				496ED7FD24048399006E277F /* AppDelegate.swift */,
				496ED7FF24048399006E277F /* SceneDelegate.swift */,
				496ED8012404839A006E277F /* ViewController.swift */,
				496ED8032404839A006E277F /* Main.storyboard */,
				496ED8062404839B006E277F /* Assets.xcassets */,
				496ED8082404839B006E277F /* LaunchScreen.storyboard */,
				496ED80B2404839B006E277F /* Info.plist */,
			);
			path = Parstagram;
			sourceTree = "<group>";
		};
		496ED8132404839C006E277F /* ParstagramTests */ = {
			isa = PBXGroup;
			children = (
				496ED8142404839C006E277F /* ParstagramTests.swift */,
				496ED8162404839C006E277F /* Info.plist */,
			);
			path = ParstagramTests;
			sourceTree = "<group>";
		};
		496ED81E2404839C006E277F /* ParstagramUITests */ = {
			isa = PBXGroup;
			children = (
				496ED81F2404839C006E277F /* ParstagramUITests.swift */,
				496ED8212404839C006E277F /* Info.plist */,
			);
			path = ParstagramUITests;
			sourceTree = "<group>";
		};
/* End PBXGroup section */

/* Begin PBXNativeTarget section */
		496ED7F924048399006E277F /* Parstagram */ = {
			isa = PBXNativeTarget;
			buildConfigurationList = 496ED8242404839C006E277F /* Build configuration list for PBXNativeTarget "Parstagram" */;
			buildPhases = (
				496ED7F624048399006E277F /* Sources */,
				496ED7F724048399006E277F /* Frameworks */,
				496ED7F824048399006E277F /* Resources */,
			);
			buildRules = (
			);
			dependencies = (
			);
			name = Parstagram;
			productName = Parstagram;
			productReference = 496ED7FA24048399006E277F /* Parstagram.app */;
			productType = "com.apple.product-type.application";
		};
		496ED80F2404839C006E277F /* ParstagramTests */ = {
			isa = PBXNativeTarget;
			buildConfigurationList = 496ED8272404839C006E277F /* Build configuration list for PBXNativeTarget "ParstagramTests" */;
			buildPhases = (
				496ED80C2404839C006E277F /* Sources */,
				496ED80D2404839C006E277F /* Frameworks */,
				496ED80E2404839C006E277F /* Resources */,
			);
			buildRules = (
			);
			dependencies = (
				496ED8122404839C006E277F /* PBXTargetDependency */,
			);
			name = ParstagramTests;
			productName = ParstagramTests;
			productReference = 496ED8102404839C006E277F /* ParstagramTests.xctest */;
			productType = "com.apple.product-type.bundle.unit-test";
		};
		496ED81A2404839C006E277F /* ParstagramUITests */ = {
			isa = PBXNativeTarget;
			buildConfigurationList = 496ED82A2404839C006E277F /* Build configuration list for PBXNativeTarget "ParstagramUITests" */;
			buildPhases = (
				496ED8172404839C006E277F /* Sources */,
				496ED8182404839C006E277F /* Frameworks */,
				496ED8192404839C006E277F /* Resources */,
			);
			buildRules = (
			);
			dependencies = (
				496ED81D2404839C006E277F /* PBXTargetDependency */,
			);
			name = ParstagramUITests;
			productName = ParstagramUITests;
			productReference = 496ED81B2404839C006E277F /* ParstagramUITests.xctest */;
			productType = "com.apple.product-type.bundle.ui-testing";
		};
/* End PBXNativeTarget section */

/* Begin PBXProject section */
		496ED7F224048399006E277F /* Project object */ = {
			isa = PBXProject;
			attributes = {
				LastSwiftUpdateCheck = 1130;
				LastUpgradeCheck = 1130;
				ORGANIZATIONNAME = andrew;
				TargetAttributes = {
					496ED7F924048399006E277F = {
						CreatedOnToolsVersion = 11.3.1;
					};
					496ED80F2404839C006E277F = {
						CreatedOnToolsVersion = 11.3.1;
						TestTargetID = 496ED7F924048399006E277F;
					};
					496ED81A2404839C006E277F = {
						CreatedOnToolsVersion = 11.3.1;
						TestTargetID = 496ED7F924048399006E277F;
					};
				};
			};
			buildConfigurationList = 496ED7F524048399006E277F /* Build configuration list for PBXProject "Parstagram" */;
			compatibilityVersion = "Xcode 9.3";
			developmentRegion = en;
			hasScannedForEncodings = 0;
			knownRegions = (
				en,
				Base,
			);
			mainGroup = 496ED7F124048399006E277F;
			productRefGroup = 496ED7FB24048399006E277F /* Products */;
			projectDirPath = "";
			projectRoot = "";
			targets = (
				496ED7F924048399006E277F /* Parstagram */,
				496ED80F2404839C006E277F /* ParstagramTests */,
				496ED81A2404839C006E277F /* ParstagramUITests */,
			);
		};
/* End PBXProject section */

/* Begin PBXResourcesBuildPhase section */
		496ED7F824048399006E277F /* Resources */ = {
			isa = PBXResourcesBuildPhase;
			buildActionMask = 2147483647;
			files = (
				496ED80A2404839B006E277F /* LaunchScreen.storyboard in Resources */,
				496ED8072404839B006E277F /* Assets.xcassets in Resources */,
				496ED8052404839A006E277F /* Main.storyboard in Resources */,
			);
			runOnlyForDeploymentPostprocessing = 0;
		};
		496ED80E2404839C006E277F /* Resources */ = {
			isa = PBXResourcesBuildPhase;
			buildActionMask = 2147483647;
			files = (
			);
			runOnlyForDeploymentPostprocessing = 0;
		};
		496ED8192404839C006E277F /* Resources */ = {
			isa = PBXResourcesBuildPhase;
			buildActionMask = 2147483647;
			files = (
			);
			runOnlyForDeploymentPostprocessing = 0;
		};
/* End PBXResourcesBuildPhase section */

/* Begin PBXSourcesBuildPhase section */
		496ED7F624048399006E277F /* Sources */ = {
			isa = PBXSourcesBuildPhase;
			buildActionMask = 2147483647;
			files = (
				496ED8022404839A006E277F /* ViewController.swift in Sources */,
				496ED7FE24048399006E277F /* AppDelegate.swift in Sources */,
				496ED8002404839A006E277F /* SceneDelegate.swift in Sources */,
			);
			runOnlyForDeploymentPostprocessing = 0;
		};
		496ED80C2404839C006E277F /* Sources */ = {
			isa = PBXSourcesBuildPhase;
			buildActionMask = 2147483647;
			files = (
				496ED8152404839C006E277F /* ParstagramTests.swift in Sources */,
			);
			runOnlyForDeploymentPostprocessing = 0;
		};
		496ED8172404839C006E277F /* Sources */ = {
			isa = PBXSourcesBuildPhase;
			buildActionMask = 2147483647;
			files = (
				496ED8202404839C006E277F /* ParstagramUITests.swift in Sources */,
			);
			runOnlyForDeploymentPostprocessing = 0;
		};
/* End PBXSourcesBuildPhase section */

/* Begin PBXTargetDependency section */
		496ED8122404839C006E277F /* PBXTargetDependency */ = {
			isa = PBXTargetDependency;
			target = 496ED7F924048399006E277F /* Parstagram */;
			targetProxy = 496ED8112404839C006E277F /* PBXContainerItemProxy */;
		};
		496ED81D2404839C006E277F /* PBXTargetDependency */ = {
			isa = PBXTargetDependency;
			target = 496ED7F924048399006E277F /* Parstagram */;
			targetProxy = 496ED81C2404839C006E277F /* PBXContainerItemProxy */;
		};
/* End PBXTargetDependency section */

/* Begin PBXVariantGroup section */
		496ED8032404839A006E277F /* Main.storyboard */ = {
			isa = PBXVariantGroup;
			children = (
				496ED8042404839A006E277F /* Base */,
			);
			name = Main.storyboard;
			sourceTree = "<group>";
		};
		496ED8082404839B006E277F /* LaunchScreen.storyboard */ = {
			isa = PBXVariantGroup;
			children = (
				496ED8092404839B006E277F /* Base */,
			);
			name = LaunchScreen.storyboard;
			sourceTree = "<group>";
		};
/* End PBXVariantGroup section */

/* Begin XCBuildConfiguration section */
		496ED8222404839C006E277F /* Debug */ = {
			isa = XCBuildConfiguration;
			buildSettings = {
				ALWAYS_SEARCH_USER_PATHS = NO;
				CLANG_ANALYZER_NONNULL = YES;
				CLANG_ANALYZER_NUMBER_OBJECT_CONVERSION = YES_AGGRESSIVE;
				CLANG_CXX_LANGUAGE_STANDARD = "gnu++14";
				CLANG_CXX_LIBRARY = "libc++";
				CLANG_ENABLE_MODULES = YES;
				CLANG_ENABLE_OBJC_ARC = YES;
				CLANG_ENABLE_OBJC_WEAK = YES;
				CLANG_WARN_BLOCK_CAPTURE_AUTORELEASING = YES;
				CLANG_WARN_BOOL_CONVERSION = YES;
				CLANG_WARN_COMMA = YES;
				CLANG_WARN_CONSTANT_CONVERSION = YES;
				CLANG_WARN_DEPRECATED_OBJC_IMPLEMENTATIONS = YES;
				CLANG_WARN_DIRECT_OBJC_ISA_USAGE = YES_ERROR;
				CLANG_WARN_DOCUMENTATION_COMMENTS = YES;
				CLANG_WARN_EMPTY_BODY = YES;
				CLANG_WARN_ENUM_CONVERSION = YES;
				CLANG_WARN_INFINITE_RECURSION = YES;
				CLANG_WARN_INT_CONVERSION = YES;
				CLANG_WARN_NON_LITERAL_NULL_CONVERSION = YES;
				CLANG_WARN_OBJC_IMPLICIT_RETAIN_SELF = YES;
				CLANG_WARN_OBJC_LITERAL_CONVERSION = YES;
				CLANG_WARN_OBJC_ROOT_CLASS = YES_ERROR;
				CLANG_WARN_RANGE_LOOP_ANALYSIS = YES;
				CLANG_WARN_STRICT_PROTOTYPES = YES;
				CLANG_WARN_SUSPICIOUS_MOVE = YES;
				CLANG_WARN_UNGUARDED_AVAILABILITY = YES_AGGRESSIVE;
				CLANG_WARN_UNREACHABLE_CODE = YES;
				CLANG_WARN__DUPLICATE_METHOD_MATCH = YES;
				COPY_PHASE_STRIP = NO;
				DEBUG_INFORMATION_FORMAT = dwarf;
				ENABLE_STRICT_OBJC_MSGSEND = YES;
				ENABLE_TESTABILITY = YES;
				GCC_C_LANGUAGE_STANDARD = gnu11;
				GCC_DYNAMIC_NO_PIC = NO;
				GCC_NO_COMMON_BLOCKS = YES;
				GCC_OPTIMIZATION_LEVEL = 0;
				GCC_PREPROCESSOR_DEFINITIONS = (
					"DEBUG=1",
					"$(inherited)",
				);
				GCC_WARN_64_TO_32_BIT_CONVERSION = YES;
				GCC_WARN_ABOUT_RETURN_TYPE = YES_ERROR;
				GCC_WARN_UNDECLARED_SELECTOR = YES;
				GCC_WARN_UNINITIALIZED_AUTOS = YES_AGGRESSIVE;
				GCC_WARN_UNUSED_FUNCTION = YES;
				GCC_WARN_UNUSED_VARIABLE = YES;
				IPHONEOS_DEPLOYMENT_TARGET = 13.2;
				MTL_ENABLE_DEBUG_INFO = INCLUDE_SOURCE;
				MTL_FAST_MATH = YES;
				ONLY_ACTIVE_ARCH = YES;
				SDKROOT = iphoneos;
				SWIFT_ACTIVE_COMPILATION_CONDITIONS = DEBUG;
				SWIFT_OPTIMIZATION_LEVEL = "-Onone";
			};
			name = Debug;
		};
		496ED8232404839C006E277F /* Release */ = {
			isa = XCBuildConfiguration;
			buildSettings = {
				ALWAYS_SEARCH_USER_PATHS = NO;
				CLANG_ANALYZER_NONNULL = YES;
				CLANG_ANALYZER_NUMBER_OBJECT_CONVERSION = YES_AGGRESSIVE;
				CLANG_CXX_LANGUAGE_STANDARD = "gnu++14";
				CLANG_CXX_LIBRARY = "libc++";
				CLANG_ENABLE_MODULES = YES;
				CLANG_ENABLE_OBJC_ARC = YES;
				CLANG_ENABLE_OBJC_WEAK = YES;
				CLANG_WARN_BLOCK_CAPTURE_AUTORELEASING = YES;
				CLANG_WARN_BOOL_CONVERSION = YES;
				CLANG_WARN_COMMA = YES;
				CLANG_WARN_CONSTANT_CONVERSION = YES;
				CLANG_WARN_DEPRECATED_OBJC_IMPLEMENTATIONS = YES;
				CLANG_WARN_DIRECT_OBJC_ISA_USAGE = YES_ERROR;
				CLANG_WARN_DOCUMENTATION_COMMENTS = YES;
				CLANG_WARN_EMPTY_BODY = YES;
				CLANG_WARN_ENUM_CONVERSION = YES;
				CLANG_WARN_INFINITE_RECURSION = YES;
				CLANG_WARN_INT_CONVERSION = YES;
				CLANG_WARN_NON_LITERAL_NULL_CONVERSION = YES;
				CLANG_WARN_OBJC_IMPLICIT_RETAIN_SELF = YES;
				CLANG_WARN_OBJC_LITERAL_CONVERSION = YES;
				CLANG_WARN_OBJC_ROOT_CLASS = YES_ERROR;
				CLANG_WARN_RANGE_LOOP_ANALYSIS = YES;
				CLANG_WARN_STRICT_PROTOTYPES = YES;
				CLANG_WARN_SUSPICIOUS_MOVE = YES;
				CLANG_WARN_UNGUARDED_AVAILABILITY = YES_AGGRESSIVE;
				CLANG_WARN_UNREACHABLE_CODE = YES;
				CLANG_WARN__DUPLICATE_METHOD_MATCH = YES;
				COPY_PHASE_STRIP = NO;
				DEBUG_INFORMATION_FORMAT = "dwarf-with-dsym";
				ENABLE_NS_ASSERTIONS = NO;
				ENABLE_STRICT_OBJC_MSGSEND = YES;
				GCC_C_LANGUAGE_STANDARD = gnu11;
				GCC_NO_COMMON_BLOCKS = YES;
				GCC_WARN_64_TO_32_BIT_CONVERSION = YES;
				GCC_WARN_ABOUT_RETURN_TYPE = YES_ERROR;
				GCC_WARN_UNDECLARED_SELECTOR = YES;
				GCC_WARN_UNINITIALIZED_AUTOS = YES_AGGRESSIVE;
				GCC_WARN_UNUSED_FUNCTION = YES;
				GCC_WARN_UNUSED_VARIABLE = YES;
				IPHONEOS_DEPLOYMENT_TARGET = 13.2;
				MTL_ENABLE_DEBUG_INFO = NO;
				MTL_FAST_MATH = YES;
				SDKROOT = iphoneos;
				SWIFT_COMPILATION_MODE = wholemodule;
				SWIFT_OPTIMIZATION_LEVEL = "-O";
				VALIDATE_PRODUCT = YES;
			};
			name = Release;
		};
		496ED8252404839C006E277F /* Debug */ = {
			isa = XCBuildConfiguration;
			buildSettings = {
				ASSETCATALOG_COMPILER_APPICON_NAME = AppIcon;
				CODE_SIGN_STYLE = Automatic;
				INFOPLIST_FILE = Parstagram/Info.plist;
				LD_RUNPATH_SEARCH_PATHS = (
					"$(inherited)",
					"@executable_path/Frameworks",
				);
				PRODUCT_BUNDLE_IDENTIFIER = coursework.Parstagram;
				PRODUCT_NAME = "$(TARGET_NAME)";
				SWIFT_VERSION = 5.0;
				TARGETED_DEVICE_FAMILY = "1,2";
			};
			name = Debug;
		};
		496ED8262404839C006E277F /* Release */ = {
			isa = XCBuildConfiguration;
			buildSettings = {
				ASSETCATALOG_COMPILER_APPICON_NAME = AppIcon;
				CODE_SIGN_STYLE = Automatic;
				INFOPLIST_FILE = Parstagram/Info.plist;
				LD_RUNPATH_SEARCH_PATHS = (
					"$(inherited)",
					"@executable_path/Frameworks",
				);
				PRODUCT_BUNDLE_IDENTIFIER = coursework.Parstagram;
				PRODUCT_NAME = "$(TARGET_NAME)";
				SWIFT_VERSION = 5.0;
				TARGETED_DEVICE_FAMILY = "1,2";
			};
			name = Release;
		};
		496ED8282404839C006E277F /* Debug */ = {
			isa = XCBuildConfiguration;
			buildSettings = {
				ALWAYS_EMBED_SWIFT_STANDARD_LIBRARIES = YES;
				BUNDLE_LOADER = "$(TEST_HOST)";
				CODE_SIGN_STYLE = Automatic;
				INFOPLIST_FILE = ParstagramTests/Info.plist;
				IPHONEOS_DEPLOYMENT_TARGET = 13.2;
				LD_RUNPATH_SEARCH_PATHS = (
					"$(inherited)",
					"@executable_path/Frameworks",
					"@loader_path/Frameworks",
				);
				PRODUCT_BUNDLE_IDENTIFIER = coursework.ParstagramTests;
				PRODUCT_NAME = "$(TARGET_NAME)";
				SWIFT_VERSION = 5.0;
				TARGETED_DEVICE_FAMILY = "1,2";
				TEST_HOST = "$(BUILT_PRODUCTS_DIR)/Parstagram.app/Parstagram";
			};
			name = Debug;
		};
		496ED8292404839C006E277F /* Release */ = {
			isa = XCBuildConfiguration;
			buildSettings = {
				ALWAYS_EMBED_SWIFT_STANDARD_LIBRARIES = YES;
				BUNDLE_LOADER = "$(TEST_HOST)";
				CODE_SIGN_STYLE = Automatic;
				INFOPLIST_FILE = ParstagramTests/Info.plist;
				IPHONEOS_DEPLOYMENT_TARGET = 13.2;
				LD_RUNPATH_SEARCH_PATHS = (
					"$(inherited)",
					"@executable_path/Frameworks",
					"@loader_path/Frameworks",
				);
				PRODUCT_BUNDLE_IDENTIFIER = coursework.ParstagramTests;
				PRODUCT_NAME = "$(TARGET_NAME)";
				SWIFT_VERSION = 5.0;
				TARGETED_DEVICE_FAMILY = "1,2";
				TEST_HOST = "$(BUILT_PRODUCTS_DIR)/Parstagram.app/Parstagram";
			};
			name = Release;
		};
		496ED82B2404839C006E277F /* Debug */ = {
			isa = XCBuildConfiguration;
			buildSettings = {
				ALWAYS_EMBED_SWIFT_STANDARD_LIBRARIES = YES;
				CODE_SIGN_STYLE = Automatic;
				INFOPLIST_FILE = ParstagramUITests/Info.plist;
				LD_RUNPATH_SEARCH_PATHS = (
					"$(inherited)",
					"@executable_path/Frameworks",
					"@loader_path/Frameworks",
				);
				PRODUCT_BUNDLE_IDENTIFIER = coursework.ParstagramUITests;
				PRODUCT_NAME = "$(TARGET_NAME)";
				SWIFT_VERSION = 5.0;
				TARGETED_DEVICE_FAMILY = "1,2";
				TEST_TARGET_NAME = Parstagram;
			};
			name = Debug;
		};
		496ED82C2404839C006E277F /* Release */ = {
			isa = XCBuildConfiguration;
			buildSettings = {
				ALWAYS_EMBED_SWIFT_STANDARD_LIBRARIES = YES;
				CODE_SIGN_STYLE = Automatic;
				INFOPLIST_FILE = ParstagramUITests/Info.plist;
				LD_RUNPATH_SEARCH_PATHS = (
					"$(inherited)",
					"@executable_path/Frameworks",
					"@loader_path/Frameworks",
				);
				PRODUCT_BUNDLE_IDENTIFIER = coursework.ParstagramUITests;
				PRODUCT_NAME = "$(TARGET_NAME)";
				SWIFT_VERSION = 5.0;
				TARGETED_DEVICE_FAMILY = "1,2";
				TEST_TARGET_NAME = Parstagram;
			};
			name = Release;
		};
/* End XCBuildConfiguration section */

/* Begin XCConfigurationList section */
		496ED7F524048399006E277F /* Build configuration list for PBXProject "Parstagram" */ = {
			isa = XCConfigurationList;
			buildConfigurations = (
				496ED8222404839C006E277F /* Debug */,
				496ED8232404839C006E277F /* Release */,
			);
			defaultConfigurationIsVisible = 0;
			defaultConfigurationName = Release;
		};
		496ED8242404839C006E277F /* Build configuration list for PBXNativeTarget "Parstagram" */ = {
			isa = XCConfigurationList;
			buildConfigurations = (
				496ED8252404839C006E277F /* Debug */,
				496ED8262404839C006E277F /* Release */,
			);
			defaultConfigurationIsVisible = 0;
			defaultConfigurationName = Release;
		};
		496ED8272404839C006E277F /* Build configuration list for PBXNativeTarget "ParstagramTests" */ = {
			isa = XCConfigurationList;
			buildConfigurations = (
				496ED8282404839C006E277F /* Debug */,
				496ED8292404839C006E277F /* Release */,
			);
			defaultConfigurationIsVisible = 0;
			defaultConfigurationName = Release;
		};
		496ED82A2404839C006E277F /* Build configuration list for PBXNativeTarget "ParstagramUITests" */ = {
			isa = XCConfigurationList;
			buildConfigurations = (
				496ED82B2404839C006E277F /* Debug */,
				496ED82C2404839C006E277F /* Release */,
			);
			defaultConfigurationIsVisible = 0;
			defaultConfigurationName = Release;
		};
/* End XCConfigurationList section */
	};
	rootObject = 496ED7F224048399006E277F /* Project object */;
}
